// !$*UTF8*$!
{
	archiveVersion = 1;
	classes = {
	};
	objectVersion = 48;
	objects = {

/* Begin PBXBuildFile section */
		710F318F1FA25B0100D961A9 /* CreativityController.swift in Sources */ = {isa = PBXBuildFile; fileRef = 710F318E1FA25B0100D961A9 /* CreativityController.swift */; };
		710F31911FA25B1700D961A9 /* AbstractionController.swift in Sources */ = {isa = PBXBuildFile; fileRef = 710F31901FA25B1700D961A9 /* AbstractionController.swift */; };
		710F31931FA25B2A00D961A9 /* DataInformationController.swift in Sources */ = {isa = PBXBuildFile; fileRef = 710F31921FA25B2A00D961A9 /* DataInformationController.swift */; };
		710F31951FA25B3A00D961A9 /* AlgorithmsController.swift in Sources */ = {isa = PBXBuildFile; fileRef = 710F31941FA25B3A00D961A9 /* AlgorithmsController.swift */; };
		710F31971FA25B4E00D961A9 /* ProgrammingViewController.swift in Sources */ = {isa = PBXBuildFile; fileRef = 710F31961FA25B4E00D961A9 /* ProgrammingViewController.swift */; };
		710F31991FA25B6000D961A9 /* InternetMasterViewController.swift in Sources */ = {isa = PBXBuildFile; fileRef = 710F31981FA25B6000D961A9 /* InternetMasterViewController.swift */; };
		710F319B1FA25B6E00D961A9 /* GlobalImpactController.swift in Sources */ = {isa = PBXBuildFile; fileRef = 710F319A1FA25B6E00D961A9 /* GlobalImpactController.swift */; };
		7139F62B1FC35EDB00A50771 /* Switchable.swift in Sources */ = {isa = PBXBuildFile; fileRef = 7139F62A1FC35EDB00A50771 /* Switchable.swift */; };
		7139F62F1FC35FF800A50771 /* Lever.swift in Sources */ = {isa = PBXBuildFile; fileRef = 7139F62E1FC35FF800A50771 /* Lever.swift */; };
		713E9E381FD9D36000D57B7F /* ArtCell.swift in Sources */ = {isa = PBXBuildFile; fileRef = 713E9E371FD9D36000D57B7F /* ArtCell.swift */; };
		714C3FC41FA2567F00A7F5D5 /* AppDelegate.swift in Sources */ = {isa = PBXBuildFile; fileRef = 714C3FC31FA2567F00A7F5D5 /* AppDelegate.swift */; };
		714C3FC61FA2567F00A7F5D5 /* ViewController.swift in Sources */ = {isa = PBXBuildFile; fileRef = 714C3FC51FA2567F00A7F5D5 /* ViewController.swift */; };
		714C3FC91FA2567F00A7F5D5 /* Main.storyboard in Resources */ = {isa = PBXBuildFile; fileRef = 714C3FC71FA2567F00A7F5D5 /* Main.storyboard */; };
		714C3FCB1FA2567F00A7F5D5 /* Assets.xcassets in Resources */ = {isa = PBXBuildFile; fileRef = 714C3FCA1FA2567F00A7F5D5 /* Assets.xcassets */; };
		714C3FCE1FA2567F00A7F5D5 /* LaunchScreen.storyboard in Resources */ = {isa = PBXBuildFile; fileRef = 714C3FCC1FA2567F00A7F5D5 /* LaunchScreen.storyboard */; };
		71996C501FD72A0800D26E7C /* DrawingView.swift in Sources */ = {isa = PBXBuildFile; fileRef = 71996C4F1FD72A0800D26E7C /* DrawingView.swift */; };
		71AE3B501FE9A4E7009D6AD8 /* DeathScene.swift in Sources */ = {isa = PBXBuildFile; fileRef = 71AE3B4F1FE9A4E7009D6AD8 /* DeathScene.swift */; };
		71C3792C1FE1AB0300CFEDED /* GameScene.swift in Sources */ = {isa = PBXBuildFile; fileRef = 71C379291FE1AB0300CFEDED /* GameScene.swift */; };
		71C3792D1FE1AB0300CFEDED /* LevelCompleteScene.swift in Sources */ = {isa = PBXBuildFile; fileRef = 71C3792A1FE1AB0300CFEDED /* LevelCompleteScene.swift */; };
		71C3792E1FE1AB0300CFEDED /* StartScene.swift in Sources */ = {isa = PBXBuildFile; fileRef = 71C3792B1FE1AB0300CFEDED /* StartScene.swift */; };
		71C379341FE1AC2800CFEDED /* InvaderLaser.swift in Sources */ = {isa = PBXBuildFile; fileRef = 71C3792F1FE1AC2800CFEDED /* InvaderLaser.swift */; };
		71C379351FE1AC2800CFEDED /* Player.swift in Sources */ = {isa = PBXBuildFile; fileRef = 71C379301FE1AC2800CFEDED /* Player.swift */; };
		71C379361FE1AC2800CFEDED /* PlayerLaser.swift in Sources */ = {isa = PBXBuildFile; fileRef = 71C379311FE1AC2800CFEDED /* PlayerLaser.swift */; };
		71C379371FE1AC2800CFEDED /* Projectile.swift in Sources */ = {isa = PBXBuildFile; fileRef = 71C379321FE1AC2800CFEDED /* Projectile.swift */; };
		71C379381FE1AC2800CFEDED /* Invader.swift in Sources */ = {isa = PBXBuildFile; fileRef = 71C379331FE1AC2800CFEDED /* Invader.swift */; };
		71C379441FE1AE1F00CFEDED /* invader sound.mp3 in Resources */ = {isa = PBXBuildFile; fileRef = 71C3793F1FE1AE1F00CFEDED /* invader sound.mp3 */; };
		71C379451FE1AE1F00CFEDED /* powerup sound.mp3 in Resources */ = {isa = PBXBuildFile; fileRef = 71C379401FE1AE1F00CFEDED /* powerup sound.mp3 */; };
		71C379461FE1AE1F00CFEDED /* laser sound.mp3 in Resources */ = {isa = PBXBuildFile; fileRef = 71C379411FE1AE1F00CFEDED /* laser sound.mp3 */; };
		71C379471FE1AE1F00CFEDED /* boss sound.mp3 in Resources */ = {isa = PBXBuildFile; fileRef = 71C379421FE1AE1F00CFEDED /* boss sound.mp3 */; };
		71C379481FE1AE1F00CFEDED /* extra sound.mp3 in Resources */ = {isa = PBXBuildFile; fileRef = 71C379431FE1AE1F00CFEDED /* extra sound.mp3 */; };
		71C3794B1FE1AF7400CFEDED /* StarField.sks in Resources */ = {isa = PBXBuildFile; fileRef = 71C3794A1FE1AF7400CFEDED /* StarField.sks */; };
		71C3794D1FE1B47000CFEDED /* Utilities.swift in Sources */ = {isa = PBXBuildFile; fileRef = 71C3794C1FE1B47000CFEDED /* Utilities.swift */; };
		71EEDF2D1FCF39A80038CAF7 /* InternetDetailViewController.swift in Sources */ = {isa = PBXBuildFile; fileRef = 71EEDF2C1FCF39A80038CAF7 /* InternetDetailViewController.swift */; };
		71EEDF301FCF3BA70038CAF7 /* WebKit.framework in Frameworks */ = {isa = PBXBuildFile; fileRef = 71EEDF2F1FCF3BA70038CAF7 /* WebKit.framework */; };
/* End PBXBuildFile section */

/* Begin PBXFileReference section */
		710F318E1FA25B0100D961A9 /* CreativityController.swift */ = {isa = PBXFileReference; lastKnownFileType = sourcecode.swift; path = CreativityController.swift; sourceTree = "<group>"; };
		710F31901FA25B1700D961A9 /* AbstractionController.swift */ = {isa = PBXFileReference; lastKnownFileType = sourcecode.swift; path = AbstractionController.swift; sourceTree = "<group>"; };
		710F31921FA25B2A00D961A9 /* DataInformationController.swift */ = {isa = PBXFileReference; lastKnownFileType = sourcecode.swift; path = DataInformationController.swift; sourceTree = "<group>"; };
		710F31941FA25B3A00D961A9 /* AlgorithmsController.swift */ = {isa = PBXFileReference; lastKnownFileType = sourcecode.swift; path = AlgorithmsController.swift; sourceTree = "<group>"; };
		710F31961FA25B4E00D961A9 /* ProgrammingViewController.swift */ = {isa = PBXFileReference; lastKnownFileType = sourcecode.swift; path = ProgrammingViewController.swift; sourceTree = "<group>"; };
		710F31981FA25B6000D961A9 /* InternetMasterViewController.swift */ = {isa = PBXFileReference; lastKnownFileType = sourcecode.swift; path = InternetMasterViewController.swift; sourceTree = "<group>"; };
		710F319A1FA25B6E00D961A9 /* GlobalImpactController.swift */ = {isa = PBXFileReference; lastKnownFileType = sourcecode.swift; path = GlobalImpactController.swift; sourceTree = "<group>"; };
		7139F62A1FC35EDB00A50771 /* Switchable.swift */ = {isa = PBXFileReference; lastKnownFileType = sourcecode.swift; path = Switchable.swift; sourceTree = "<group>"; };
		7139F62E1FC35FF800A50771 /* Lever.swift */ = {isa = PBXFileReference; lastKnownFileType = sourcecode.swift; path = Lever.swift; sourceTree = "<group>"; };
		713E9E371FD9D36000D57B7F /* ArtCell.swift */ = {isa = PBXFileReference; lastKnownFileType = sourcecode.swift; path = ArtCell.swift; sourceTree = "<group>"; };
		714C3FC01FA2567F00A7F5D5 /* DerekVawdrey_CSP.app */ = {isa = PBXFileReference; explicitFileType = wrapper.application; includeInIndex = 0; path = DerekVawdrey_CSP.app; sourceTree = BUILT_PRODUCTS_DIR; };
		714C3FC31FA2567F00A7F5D5 /* AppDelegate.swift */ = {isa = PBXFileReference; lastKnownFileType = sourcecode.swift; path = AppDelegate.swift; sourceTree = "<group>"; };
		714C3FC51FA2567F00A7F5D5 /* ViewController.swift */ = {isa = PBXFileReference; lastKnownFileType = sourcecode.swift; path = ViewController.swift; sourceTree = "<group>"; };
		714C3FC81FA2567F00A7F5D5 /* Base */ = {isa = PBXFileReference; lastKnownFileType = file.storyboard; name = Base; path = Base.lproj/Main.storyboard; sourceTree = "<group>"; };
		714C3FCA1FA2567F00A7F5D5 /* Assets.xcassets */ = {isa = PBXFileReference; lastKnownFileType = folder.assetcatalog; path = Assets.xcassets; sourceTree = "<group>"; };
		714C3FCD1FA2567F00A7F5D5 /* Base */ = {isa = PBXFileReference; lastKnownFileType = file.storyboard; name = Base; path = Base.lproj/LaunchScreen.storyboard; sourceTree = "<group>"; };
		714C3FCF1FA2567F00A7F5D5 /* Info.plist */ = {isa = PBXFileReference; lastKnownFileType = text.plist.xml; path = Info.plist; sourceTree = "<group>"; };
		71996C4F1FD72A0800D26E7C /* DrawingView.swift */ = {isa = PBXFileReference; lastKnownFileType = sourcecode.swift; path = DrawingView.swift; sourceTree = "<group>"; };
		71AE3B4F1FE9A4E7009D6AD8 /* DeathScene.swift */ = {isa = PBXFileReference; lastKnownFileType = sourcecode.swift; path = DeathScene.swift; sourceTree = "<group>"; };
		71C379291FE1AB0300CFEDED /* GameScene.swift */ = {isa = PBXFileReference; fileEncoding = 4; lastKnownFileType = sourcecode.swift; path = GameScene.swift; sourceTree = "<group>"; };
		71C3792A1FE1AB0300CFEDED /* LevelCompleteScene.swift */ = {isa = PBXFileReference; fileEncoding = 4; lastKnownFileType = sourcecode.swift; path = LevelCompleteScene.swift; sourceTree = "<group>"; };
		71C3792B1FE1AB0300CFEDED /* StartScene.swift */ = {isa = PBXFileReference; fileEncoding = 4; lastKnownFileType = sourcecode.swift; path = StartScene.swift; sourceTree = "<group>"; };
		71C3792F1FE1AC2800CFEDED /* InvaderLaser.swift */ = {isa = PBXFileReference; fileEncoding = 4; lastKnownFileType = sourcecode.swift; path = InvaderLaser.swift; sourceTree = "<group>"; };
		71C379301FE1AC2800CFEDED /* Player.swift */ = {isa = PBXFileReference; fileEncoding = 4; lastKnownFileType = sourcecode.swift; path = Player.swift; sourceTree = "<group>"; };
		71C379311FE1AC2800CFEDED /* PlayerLaser.swift */ = {isa = PBXFileReference; fileEncoding = 4; lastKnownFileType = sourcecode.swift; path = PlayerLaser.swift; sourceTree = "<group>"; };
		71C379321FE1AC2800CFEDED /* Projectile.swift */ = {isa = PBXFileReference; fileEncoding = 4; lastKnownFileType = sourcecode.swift; path = Projectile.swift; sourceTree = "<group>"; };
		71C379331FE1AC2800CFEDED /* Invader.swift */ = {isa = PBXFileReference; fileEncoding = 4; lastKnownFileType = sourcecode.swift; path = Invader.swift; sourceTree = "<group>"; };
		71C3793F1FE1AE1F00CFEDED /* invader sound.mp3 */ = {isa = PBXFileReference; lastKnownFileType = audio.mp3; path = "invader sound.mp3"; sourceTree = "<group>"; };
		71C379401FE1AE1F00CFEDED /* powerup sound.mp3 */ = {isa = PBXFileReference; lastKnownFileType = audio.mp3; path = "powerup sound.mp3"; sourceTree = "<group>"; };
		71C379411FE1AE1F00CFEDED /* laser sound.mp3 */ = {isa = PBXFileReference; lastKnownFileType = audio.mp3; path = "laser sound.mp3"; sourceTree = "<group>"; };
		71C379421FE1AE1F00CFEDED /* boss sound.mp3 */ = {isa = PBXFileReference; lastKnownFileType = audio.mp3; path = "boss sound.mp3"; sourceTree = "<group>"; };
		71C379431FE1AE1F00CFEDED /* extra sound.mp3 */ = {isa = PBXFileReference; lastKnownFileType = audio.mp3; path = "extra sound.mp3"; sourceTree = "<group>"; };
		71C3794A1FE1AF7400CFEDED /* StarField.sks */ = {isa = PBXFileReference; lastKnownFileType = file.sks; path = StarField.sks; sourceTree = "<group>"; };
		71C3794C1FE1B47000CFEDED /* Utilities.swift */ = {isa = PBXFileReference; fileEncoding = 4; lastKnownFileType = sourcecode.swift; path = Utilities.swift; sourceTree = "<group>"; };
		71EEDF2C1FCF39A80038CAF7 /* InternetDetailViewController.swift */ = {isa = PBXFileReference; lastKnownFileType = sourcecode.swift; path = InternetDetailViewController.swift; sourceTree = "<group>"; };
		71EEDF2F1FCF3BA70038CAF7 /* WebKit.framework */ = {isa = PBXFileReference; lastKnownFileType = wrapper.framework; name = WebKit.framework; path = System/Library/Frameworks/WebKit.framework; sourceTree = SDKROOT; };
/* End PBXFileReference section */

/* Begin PBXFrameworksBuildPhase section */
		714C3FBD1FA2567F00A7F5D5 /* Frameworks */ = {
			isa = PBXFrameworksBuildPhase;
			buildActionMask = 2147483647;
			files = (
				71EEDF301FCF3BA70038CAF7 /* WebKit.framework in Frameworks */,
			);
			runOnlyForDeploymentPostprocessing = 0;
		};
/* End PBXFrameworksBuildPhase section */

/* Begin PBXGroup section */
		714C3FB71FA2567F00A7F5D5 = {
			isa = PBXGroup;
			children = (
				714C3FC21FA2567F00A7F5D5 /* DerekVawdrey_CSP */,
				714C3FC11FA2567F00A7F5D5 /* Products */,
				71EEDF2E1FCF3BA60038CAF7 /* Frameworks */,
			);
			sourceTree = "<group>";
		};
		714C3FC11FA2567F00A7F5D5 /* Products */ = {
			isa = PBXGroup;
			children = (
				714C3FC01FA2567F00A7F5D5 /* DerekVawdrey_CSP.app */,
			);
			name = Products;
			sourceTree = "<group>";
		};
		714C3FC21FA2567F00A7F5D5 /* DerekVawdrey_CSP */ = {
			isa = PBXGroup;
			children = (
				714C3FD81FA2570700A7F5D5 /* View */,
				714C3FD71FA2569600A7F5D5 /* Resources */,
				714C3FD61FA2569100A7F5D5 /* Controller */,
				714C3FD51FA2568B00A7F5D5 /* Model */,
			);
			path = DerekVawdrey_CSP;
			sourceTree = "<group>";
		};
		714C3FD51FA2568B00A7F5D5 /* Model */ = {
			isa = PBXGroup;
			children = (
				71C379331FE1AC2800CFEDED /* Invader.swift */,
				71C3792F1FE1AC2800CFEDED /* InvaderLaser.swift */,
				71C379301FE1AC2800CFEDED /* Player.swift */,
				71C379311FE1AC2800CFEDED /* PlayerLaser.swift */,
				71C379321FE1AC2800CFEDED /* Projectile.swift */,
				7139F62A1FC35EDB00A50771 /* Switchable.swift */,
				7139F62E1FC35FF800A50771 /* Lever.swift */,
			);
			path = Model;
			sourceTree = "<group>";
		};
		714C3FD61FA2569100A7F5D5 /* Controller */ = {
			isa = PBXGroup;
			children = (
				71C379391FE1ACA200CFEDED /* GameController */,
				714C3FC51FA2567F00A7F5D5 /* ViewController.swift */,
				714C3FC31FA2567F00A7F5D5 /* AppDelegate.swift */,
				710F318E1FA25B0100D961A9 /* CreativityController.swift */,
				710F31901FA25B1700D961A9 /* AbstractionController.swift */,
				710F31921FA25B2A00D961A9 /* DataInformationController.swift */,
				710F31941FA25B3A00D961A9 /* AlgorithmsController.swift */,
				710F31961FA25B4E00D961A9 /* ProgrammingViewController.swift */,
				710F31981FA25B6000D961A9 /* InternetMasterViewController.swift */,
				710F319A1FA25B6E00D961A9 /* GlobalImpactController.swift */,
				71EEDF2C1FCF39A80038CAF7 /* InternetDetailViewController.swift */,
				713E9E371FD9D36000D57B7F /* ArtCell.swift */,
			);
			path = Controller;
			sourceTree = "<group>";
		};
		714C3FD71FA2569600A7F5D5 /* Resources */ = {
			isa = PBXGroup;
			children = (
				71C3794C1FE1B47000CFEDED /* Utilities.swift */,
				71C379491FE1AE2600CFEDED /* Sounds */,
				714C3FCA1FA2567F00A7F5D5 /* Assets.xcassets */,
				714C3FCF1FA2567F00A7F5D5 /* Info.plist */,
			);
			path = Resources;
			sourceTree = "<group>";
		};
		714C3FD81FA2570700A7F5D5 /* View */ = {
			isa = PBXGroup;
			children = (
				71C3794A1FE1AF7400CFEDED /* StarField.sks */,
				714C3FC71FA2567F00A7F5D5 /* Main.storyboard */,
				714C3FCC1FA2567F00A7F5D5 /* LaunchScreen.storyboard */,
				71996C4F1FD72A0800D26E7C /* DrawingView.swift */,
			);
			path = View;
			sourceTree = "<group>";
		};
		71C379391FE1ACA200CFEDED /* GameController */ = {
			isa = PBXGroup;
			children = (
				71C379291FE1AB0300CFEDED /* GameScene.swift */,
				71C3792A1FE1AB0300CFEDED /* LevelCompleteScene.swift */,
				71C3792B1FE1AB0300CFEDED /* StartScene.swift */,
				71AE3B4F1FE9A4E7009D6AD8 /* DeathScene.swift */,
			);
			path = GameController;
			sourceTree = "<group>";
		};
		71C379491FE1AE2600CFEDED /* Sounds */ = {
			isa = PBXGroup;
			children = (
				71C379421FE1AE1F00CFEDED /* boss sound.mp3 */,
				71C379431FE1AE1F00CFEDED /* extra sound.mp3 */,
				71C3793F1FE1AE1F00CFEDED /* invader sound.mp3 */,
				71C379411FE1AE1F00CFEDED /* laser sound.mp3 */,
				71C379401FE1AE1F00CFEDED /* powerup sound.mp3 */,
			);
			path = Sounds;
			sourceTree = "<group>";
		};
		71EEDF2E1FCF3BA60038CAF7 /* Frameworks */ = {
			isa = PBXGroup;
			children = (
				71EEDF2F1FCF3BA70038CAF7 /* WebKit.framework */,
			);
			name = Frameworks;
			sourceTree = "<group>";
		};
/* End PBXGroup section */

/* Begin PBXNativeTarget section */
		714C3FBF1FA2567F00A7F5D5 /* DerekVawdrey_CSP */ = {
			isa = PBXNativeTarget;
			buildConfigurationList = 714C3FD21FA2567F00A7F5D5 /* Build configuration list for PBXNativeTarget "DerekVawdrey_CSP" */;
			buildPhases = (
				714C3FBC1FA2567F00A7F5D5 /* Sources */,
				714C3FBD1FA2567F00A7F5D5 /* Frameworks */,
				714C3FBE1FA2567F00A7F5D5 /* Resources */,
			);
			buildRules = (
			);
			dependencies = (
			);
			name = DerekVawdrey_CSP;
			productName = DerekVawdrey_CSP;
			productReference = 714C3FC01FA2567F00A7F5D5 /* DerekVawdrey_CSP.app */;
			productType = "com.apple.product-type.application";
		};
/* End PBXNativeTarget section */

/* Begin PBXProject section */
		714C3FB81FA2567F00A7F5D5 /* Project object */ = {
			isa = PBXProject;
			attributes = {
				LastSwiftUpdateCheck = 0900;
				LastUpgradeCheck = 0900;
				ORGANIZATIONNAME = "Vawdrey, Derek";
				TargetAttributes = {
					714C3FBF1FA2567F00A7F5D5 = {
						CreatedOnToolsVersion = 9.0;
						ProvisioningStyle = Automatic;
					};
				};
			};
			buildConfigurationList = 714C3FBB1FA2567F00A7F5D5 /* Build configuration list for PBXProject "DerekVawdrey_CSP" */;
			compatibilityVersion = "Xcode 8.0";
			developmentRegion = en;
			hasScannedForEncodings = 0;
			knownRegions = (
				en,
				Base,
			);
			mainGroup = 714C3FB71FA2567F00A7F5D5;
			productRefGroup = 714C3FC11FA2567F00A7F5D5 /* Products */;
			projectDirPath = "";
			projectRoot = "";
			targets = (
				714C3FBF1FA2567F00A7F5D5 /* DerekVawdrey_CSP */,
			);
		};
/* End PBXProject section */

/* Begin PBXResourcesBuildPhase section */
		714C3FBE1FA2567F00A7F5D5 /* Resources */ = {
			isa = PBXResourcesBuildPhase;
			buildActionMask = 2147483647;
			files = (
				714C3FCE1FA2567F00A7F5D5 /* LaunchScreen.storyboard in Resources */,
				71C379471FE1AE1F00CFEDED /* boss sound.mp3 in Resources */,
				71C379481FE1AE1F00CFEDED /* extra sound.mp3 in Resources */,
				71C379461FE1AE1F00CFEDED /* laser sound.mp3 in Resources */,
				71C379441FE1AE1F00CFEDED /* invader sound.mp3 in Resources */,
				714C3FCB1FA2567F00A7F5D5 /* Assets.xcassets in Resources */,
				71C3794B1FE1AF7400CFEDED /* StarField.sks in Resources */,
				714C3FC91FA2567F00A7F5D5 /* Main.storyboard in Resources */,
				71C379451FE1AE1F00CFEDED /* powerup sound.mp3 in Resources */,
			);
			runOnlyForDeploymentPostprocessing = 0;
		};
/* End PBXResourcesBuildPhase section */

/* Begin PBXSourcesBuildPhase section */
		714C3FBC1FA2567F00A7F5D5 /* Sources */ = {
			isa = PBXSourcesBuildPhase;
			buildActionMask = 2147483647;
			files = (
				71C3792C1FE1AB0300CFEDED /* GameScene.swift in Sources */,
				71C379341FE1AC2800CFEDED /* InvaderLaser.swift in Sources */,
				71C3792E1FE1AB0300CFEDED /* StartScene.swift in Sources */,
				71C379381FE1AC2800CFEDED /* Invader.swift in Sources */,
				710F319B1FA25B6E00D961A9 /* GlobalImpactController.swift in Sources */,
				71C3792D1FE1AB0300CFEDED /* LevelCompleteScene.swift in Sources */,
				713E9E381FD9D36000D57B7F /* ArtCell.swift in Sources */,
				710F31991FA25B6000D961A9 /* InternetMasterViewController.swift in Sources */,
				710F31911FA25B1700D961A9 /* AbstractionController.swift in Sources */,
				71C379361FE1AC2800CFEDED /* PlayerLaser.swift in Sources */,
				710F31971FA25B4E00D961A9 /* ProgrammingViewController.swift in Sources */,
				71EEDF2D1FCF39A80038CAF7 /* InternetDetailViewController.swift in Sources */,
				71C3794D1FE1B47000CFEDED /* Utilities.swift in Sources */,
				71996C501FD72A0800D26E7C /* DrawingView.swift in Sources */,
				710F31951FA25B3A00D961A9 /* AlgorithmsController.swift in Sources */,
				7139F62B1FC35EDB00A50771 /* Switchable.swift in Sources */,
				710F31931FA25B2A00D961A9 /* DataInformationController.swift in Sources */,
				7139F62F1FC35FF800A50771 /* Lever.swift in Sources */,
				710F318F1FA25B0100D961A9 /* CreativityController.swift in Sources */,
				71C379351FE1AC2800CFEDED /* Player.swift in Sources */,
				71C379371FE1AC2800CFEDED /* Projectile.swift in Sources */,
				714C3FC61FA2567F00A7F5D5 /* ViewController.swift in Sources */,
				714C3FC41FA2567F00A7F5D5 /* AppDelegate.swift in Sources */,
				71AE3B501FE9A4E7009D6AD8 /* DeathScene.swift in Sources */,
			);
			runOnlyForDeploymentPostprocessing = 0;
		};
/* End PBXSourcesBuildPhase section */

/* Begin PBXVariantGroup section */
		714C3FC71FA2567F00A7F5D5 /* Main.storyboard */ = {
			isa = PBXVariantGroup;
			children = (
				714C3FC81FA2567F00A7F5D5 /* Base */,
			);
			name = Main.storyboard;
			sourceTree = "<group>";
		};
		714C3FCC1FA2567F00A7F5D5 /* LaunchScreen.storyboard */ = {
			isa = PBXVariantGroup;
			children = (
				714C3FCD1FA2567F00A7F5D5 /* Base */,
			);
			name = LaunchScreen.storyboard;
			sourceTree = "<group>";
		};
/* End PBXVariantGroup section */

/* Begin XCBuildConfiguration section */
		714C3FD01FA2567F00A7F5D5 /* Debug */ = {
			isa = XCBuildConfiguration;
			buildSettings = {
				ALWAYS_SEARCH_USER_PATHS = NO;
				CLANG_ANALYZER_NONNULL = YES;
				CLANG_ANALYZER_NUMBER_OBJECT_CONVERSION = YES_AGGRESSIVE;
				CLANG_CXX_LANGUAGE_STANDARD = "gnu++14";
				CLANG_CXX_LIBRARY = "libc++";
				CLANG_ENABLE_MODULES = YES;
				CLANG_ENABLE_OBJC_ARC = YES;
				CLANG_WARN_BLOCK_CAPTURE_AUTORELEASING = YES;
				CLANG_WARN_BOOL_CONVERSION = YES;
				CLANG_WARN_COMMA = YES;
				CLANG_WARN_CONSTANT_CONVERSION = YES;
				CLANG_WARN_DIRECT_OBJC_ISA_USAGE = YES_ERROR;
				CLANG_WARN_DOCUMENTATION_COMMENTS = YES;
				CLANG_WARN_EMPTY_BODY = YES;
				CLANG_WARN_ENUM_CONVERSION = YES;
				CLANG_WARN_INFINITE_RECURSION = YES;
				CLANG_WARN_INT_CONVERSION = YES;
				CLANG_WARN_NON_LITERAL_NULL_CONVERSION = YES;
				CLANG_WARN_OBJC_LITERAL_CONVERSION = YES;
				CLANG_WARN_OBJC_ROOT_CLASS = YES_ERROR;
				CLANG_WARN_RANGE_LOOP_ANALYSIS = YES;
				CLANG_WARN_STRICT_PROTOTYPES = YES;
				CLANG_WARN_SUSPICIOUS_MOVE = YES;
				CLANG_WARN_UNGUARDED_AVAILABILITY = YES_AGGRESSIVE;
				CLANG_WARN_UNREACHABLE_CODE = YES;
				CLANG_WARN__DUPLICATE_METHOD_MATCH = YES;
				CODE_SIGN_IDENTITY = "iPhone Developer";
				COPY_PHASE_STRIP = NO;
				DEBUG_INFORMATION_FORMAT = dwarf;
				ENABLE_STRICT_OBJC_MSGSEND = YES;
				ENABLE_TESTABILITY = YES;
				GCC_C_LANGUAGE_STANDARD = gnu11;
				GCC_DYNAMIC_NO_PIC = NO;
				GCC_NO_COMMON_BLOCKS = YES;
				GCC_OPTIMIZATION_LEVEL = 0;
				GCC_PREPROCESSOR_DEFINITIONS = (
					"DEBUG=1",
					"$(inherited)",
				);
				GCC_WARN_64_TO_32_BIT_CONVERSION = YES;
				GCC_WARN_ABOUT_RETURN_TYPE = YES_ERROR;
				GCC_WARN_UNDECLARED_SELECTOR = YES;
				GCC_WARN_UNINITIALIZED_AUTOS = YES_AGGRESSIVE;
				GCC_WARN_UNUSED_FUNCTION = YES;
				GCC_WARN_UNUSED_VARIABLE = YES;
				IPHONEOS_DEPLOYMENT_TARGET = 11.0;
				MTL_ENABLE_DEBUG_INFO = YES;
				ONLY_ACTIVE_ARCH = YES;
				SDKROOT = iphoneos;
				SWIFT_ACTIVE_COMPILATION_CONDITIONS = DEBUG;
				SWIFT_OPTIMIZATION_LEVEL = "-Onone";
			};
			name = Debug;
		};
		714C3FD11FA2567F00A7F5D5 /* Release */ = {
			isa = XCBuildConfiguration;
			buildSettings = {
				ALWAYS_SEARCH_USER_PATHS = NO;
				CLANG_ANALYZER_NONNULL = YES;
				CLANG_ANALYZER_NUMBER_OBJECT_CONVERSION = YES_AGGRESSIVE;
				CLANG_CXX_LANGUAGE_STANDARD = "gnu++14";
				CLANG_CXX_LIBRARY = "libc++";
				CLANG_ENABLE_MODULES = YES;
				CLANG_ENABLE_OBJC_ARC = YES;
				CLANG_WARN_BLOCK_CAPTURE_AUTORELEASING = YES;
				CLANG_WARN_BOOL_CONVERSION = YES;
				CLANG_WARN_COMMA = YES;
				CLANG_WARN_CONSTANT_CONVERSION = YES;
				CLANG_WARN_DIRECT_OBJC_ISA_USAGE = YES_ERROR;
				CLANG_WARN_DOCUMENTATION_COMMENTS = YES;
				CLANG_WARN_EMPTY_BODY = YES;
				CLANG_WARN_ENUM_CONVERSION = YES;
				CLANG_WARN_INFINITE_RECURSION = YES;
				CLANG_WARN_INT_CONVERSION = YES;
				CLANG_WARN_NON_LITERAL_NULL_CONVERSION = YES;
				CLANG_WARN_OBJC_LITERAL_CONVERSION = YES;
				CLANG_WARN_OBJC_ROOT_CLASS = YES_ERROR;
				CLANG_WARN_RANGE_LOOP_ANALYSIS = YES;
				CLANG_WARN_STRICT_PROTOTYPES = YES;
				CLANG_WARN_SUSPICIOUS_MOVE = YES;
				CLANG_WARN_UNGUARDED_AVAILABILITY = YES_AGGRESSIVE;
				CLANG_WARN_UNREACHABLE_CODE = YES;
				CLANG_WARN__DUPLICATE_METHOD_MATCH = YES;
				CODE_SIGN_IDENTITY = "iPhone Developer";
				COPY_PHASE_STRIP = NO;
				DEBUG_INFORMATION_FORMAT = "dwarf-with-dsym";
				ENABLE_NS_ASSERTIONS = NO;
				ENABLE_STRICT_OBJC_MSGSEND = YES;
				GCC_C_LANGUAGE_STANDARD = gnu11;
				GCC_NO_COMMON_BLOCKS = YES;
				GCC_WARN_64_TO_32_BIT_CONVERSION = YES;
				GCC_WARN_ABOUT_RETURN_TYPE = YES_ERROR;
				GCC_WARN_UNDECLARED_SELECTOR = YES;
				GCC_WARN_UNINITIALIZED_AUTOS = YES_AGGRESSIVE;
				GCC_WARN_UNUSED_FUNCTION = YES;
				GCC_WARN_UNUSED_VARIABLE = YES;
				IPHONEOS_DEPLOYMENT_TARGET = 11.0;
				MTL_ENABLE_DEBUG_INFO = NO;
				SDKROOT = iphoneos;
				SWIFT_OPTIMIZATION_LEVEL = "-Owholemodule";
				VALIDATE_PRODUCT = YES;
			};
			name = Release;
		};
		714C3FD31FA2567F00A7F5D5 /* Debug */ = {
			isa = XCBuildConfiguration;
			buildSettings = {
				ASSETCATALOG_COMPILER_APPICON_NAME = AppIcon;
				CODE_SIGN_STYLE = Automatic;
				INFOPLIST_FILE = "$(SRCROOT)/DerekVawdrey_CSP/Resources/Info.plist";
				LD_RUNPATH_SEARCH_PATHS = "$(inherited) @executable_path/Frameworks";
				PRODUCT_BUNDLE_IDENTIFIER = "CTEC.DerekVawdrey-CSP";
				PRODUCT_NAME = "$(TARGET_NAME)";
				SWIFT_VERSION = 4.0;
				TARGETED_DEVICE_FAMILY = "1,2";
			};
			name = Debug;
		};
		714C3FD41FA2567F00A7F5D5 /* Release */ = {
			isa = XCBuildConfiguration;
			buildSettings = {
				ASSETCATALOG_COMPILER_APPICON_NAME = AppIcon;
				CODE_SIGN_STYLE = Automatic;
				INFOPLIST_FILE = "$(SRCROOT)/DerekVawdrey_CSP/Resources/Info.plist";
				LD_RUNPATH_SEARCH_PATHS = "$(inherited) @executable_path/Frameworks";
				PRODUCT_BUNDLE_IDENTIFIER = "CTEC.DerekVawdrey-CSP";
				PRODUCT_NAME = "$(TARGET_NAME)";
				SWIFT_VERSION = 4.0;
				TARGETED_DEVICE_FAMILY = "1,2";
			};
			name = Release;
		};
/* End XCBuildConfiguration section */

/* Begin XCConfigurationList section */
		714C3FBB1FA2567F00A7F5D5 /* Build configuration list for PBXProject "DerekVawdrey_CSP" */ = {
			isa = XCConfigurationList;
			buildConfigurations = (
				714C3FD01FA2567F00A7F5D5 /* Debug */,
				714C3FD11FA2567F00A7F5D5 /* Release */,
			);
			defaultConfigurationIsVisible = 0;
			defaultConfigurationName = Release;
		};
		714C3FD21FA2567F00A7F5D5 /* Build configuration list for PBXNativeTarget "DerekVawdrey_CSP" */ = {
			isa = XCConfigurationList;
			buildConfigurations = (
				714C3FD31FA2567F00A7F5D5 /* Debug */,
				714C3FD41FA2567F00A7F5D5 /* Release */,
			);
			defaultConfigurationIsVisible = 0;
			defaultConfigurationName = Release;
		};
/* End XCConfigurationList section */
	};
	rootObject = 714C3FB81FA2567F00A7F5D5 /* Project object */;
}
